
Microsoft Visual Studio Solution File, Format Version 12.00
# Visual Studio Express 2012 for Windows Desktop
Project("{8BC9CEB8-8B4A-11D0-8D11-00A0C91BC942}") = "Long arythm", "Long arythm\Long arythm.vcxproj", "{4FBD5FF6-592E-4EFD-9438-A359A4AA409C}"
EndProject
Global
	GlobalSection(SolutionConfigurationPlatforms) = preSolution
		Debug|Win32 = Debug|Win32
		Release|Win32 = Release|Win32
	EndGlobalSection
	GlobalSection(ProjectConfigurationPlatforms) = postSolution
		{4FBD5FF6-592E-4EFD-9438-A359A4AA409C}.Debug|Win32.ActiveCfg = Debug|Win32
		{4FBD5FF6-592E-4EFD-9438-A359A4AA409C}.Debug|Win32.Build.0 = Debug|Win32
		{4FBD5FF6-592E-4EFD-9438-A359A4AA409C}.Release|Win32.ActiveCfg = Release|Win32
		{4FBD5FF6-592E-4EFD-9438-A359A4AA409C}.Release|Win32.Build.0 = Release|Win32
	EndGlobalSection
	GlobalSection(SolutionProperties) = preSolution
		HideSolutionNode = FALSE
	EndGlobalSection
EndGlobal
