
Microsoft Visual Studio Solution File, Format Version 10.00
# Visual Studio 2008
Project("{8BC9CEB8-8B4A-11D0-8D11-00A0C91BC942}") = "8", "8\8.vcproj", "{AA385827-7170-4EC6-BAD8-963C433B276E}"
EndProject
Global
	GlobalSection(SolutionConfigurationPlatforms) = preSolution
		Debug|Win32 = Debug|Win32
		Release|Win32 = Release|Win32
	EndGlobalSection
	GlobalSection(ProjectConfigurationPlatforms) = postSolution
		{AA385827-7170-4EC6-BAD8-963C433B276E}.Debug|Win32.ActiveCfg = Debug|Win32
		{AA385827-7170-4EC6-BAD8-963C433B276E}.Debug|Win32.Build.0 = Debug|Win32
		{AA385827-7170-4EC6-BAD8-963C433B276E}.Release|Win32.ActiveCfg = Release|Win32
		{AA385827-7170-4EC6-BAD8-963C433B276E}.Release|Win32.Build.0 = Release|Win32
	EndGlobalSection
	GlobalSection(SolutionProperties) = preSolution
		HideSolutionNode = FALSE
	EndGlobalSection
EndGlobal
