
Microsoft Visual Studio Solution File, Format Version 10.00
# Visual Studio 2008
Project("{8BC9CEB8-8B4A-11D0-8D11-00A0C91BC942}") = "6", "6\6.vcproj", "{AFDB90D6-16CD-446A-A2B6-328CD4AF3B03}"
EndProject
Global
	GlobalSection(SolutionConfigurationPlatforms) = preSolution
		Debug|Win32 = Debug|Win32
		Release|Win32 = Release|Win32
	EndGlobalSection
	GlobalSection(ProjectConfigurationPlatforms) = postSolution
		{AFDB90D6-16CD-446A-A2B6-328CD4AF3B03}.Debug|Win32.ActiveCfg = Debug|Win32
		{AFDB90D6-16CD-446A-A2B6-328CD4AF3B03}.Debug|Win32.Build.0 = Debug|Win32
		{AFDB90D6-16CD-446A-A2B6-328CD4AF3B03}.Release|Win32.ActiveCfg = Release|Win32
		{AFDB90D6-16CD-446A-A2B6-328CD4AF3B03}.Release|Win32.Build.0 = Release|Win32
	EndGlobalSection
	GlobalSection(SolutionProperties) = preSolution
		HideSolutionNode = FALSE
	EndGlobalSection
EndGlobal
